
Microsoft Visual Studio Solution File, Format Version 12.00
# Visual Studio 15
VisualStudioVersion = 15.0.26730.12
MinimumVisualStudioVersion = 10.0.40219.1
Project("{9092AA53-FB77-4645-B42D-1CCCA6BD08BD}") = "MusicServer_project", "MusicServer_project\MusicServer_project.njsproj", "{9729010F-D658-4E3D-88A2-7D11DD02D4CB}"
EndProject
Global
	GlobalSection(SolutionConfigurationPlatforms) = preSolution
		Debug|Any CPU = Debug|Any CPU
		Release|Any CPU = Release|Any CPU
	EndGlobalSection
	GlobalSection(ProjectConfigurationPlatforms) = postSolution
		{9729010F-D658-4E3D-88A2-7D11DD02D4CB}.Debug|Any CPU.ActiveCfg = Debug|Any CPU
		{9729010F-D658-4E3D-88A2-7D11DD02D4CB}.Debug|Any CPU.Build.0 = Debug|Any CPU
		{9729010F-D658-4E3D-88A2-7D11DD02D4CB}.Release|Any CPU.ActiveCfg = Release|Any CPU
		{9729010F-D658-4E3D-88A2-7D11DD02D4CB}.Release|Any CPU.Build.0 = Release|Any CPU
	EndGlobalSection
	GlobalSection(SolutionProperties) = preSolution
		HideSolutionNode = FALSE
	EndGlobalSection
	GlobalSection(ExtensibilityGlobals) = postSolution
		SolutionGuid = {044CC9C1-205D-417A-9644-8558E58ED59A}
	EndGlobalSection
EndGlobal
